
Microsoft Visual Studio Solution File, Format Version 12.00
# Visual Studio 15
VisualStudioVersion = 15.0.27130.2010
MinimumVisualStudioVersion = 10.0.40219.1
Project("{8BC9CEB8-8B4A-11D0-8D11-00A0C91BC942}") = "BigKnapsack", "BigKnapsack.vcxproj", "{ABA3C33A-2926-4114-AD51-11108F90ECB8}"
EndProject
Global
	GlobalSection(SolutionConfigurationPlatforms) = preSolution
		Debug|x64 = Debug|x64
		Debug|x86 = Debug|x86
		Release|x64 = Release|x64
		Release|x86 = Release|x86
	EndGlobalSection
	GlobalSection(ProjectConfigurationPlatforms) = postSolution
		{ABA3C33A-2926-4114-AD51-11108F90ECB8}.Debug|x64.ActiveCfg = Debug|x64
		{ABA3C33A-2926-4114-AD51-11108F90ECB8}.Debug|x64.Build.0 = Debug|x64
		{ABA3C33A-2926-4114-AD51-11108F90ECB8}.Debug|x86.ActiveCfg = Debug|Win32
		{ABA3C33A-2926-4114-AD51-11108F90ECB8}.Debug|x86.Build.0 = Debug|Win32
		{ABA3C33A-2926-4114-AD51-11108F90ECB8}.Release|x64.ActiveCfg = Release|x64
		{ABA3C33A-2926-4114-AD51-11108F90ECB8}.Release|x64.Build.0 = Release|x64
		{ABA3C33A-2926-4114-AD51-11108F90ECB8}.Release|x86.ActiveCfg = Release|Win32
		{ABA3C33A-2926-4114-AD51-11108F90ECB8}.Release|x86.Build.0 = Release|Win32
	EndGlobalSection
	GlobalSection(SolutionProperties) = preSolution
		HideSolutionNode = FALSE
	EndGlobalSection
	GlobalSection(ExtensibilityGlobals) = postSolution
		SolutionGuid = {CF107C39-08BE-4FB0-A937-B51F88ED3FD3}
	EndGlobalSection
EndGlobal
