
Microsoft Visual Studio Solution File, Format Version 12.00
# Visual Studio 15
VisualStudioVersion = 15.0.27130.2010
MinimumVisualStudioVersion = 10.0.40219.1
Project("{8BC9CEB8-8B4A-11D0-8D11-00A0C91BC942}") = "GreedyAlgorithm", "GreedyAlgorithm.vcxproj", "{004A01FE-CBE6-48CE-9454-BB8AF8FB7472}"
EndProject
Global
	GlobalSection(SolutionConfigurationPlatforms) = preSolution
		Debug|x64 = Debug|x64
		Debug|x86 = Debug|x86
		Release|x64 = Release|x64
		Release|x86 = Release|x86
	EndGlobalSection
	GlobalSection(ProjectConfigurationPlatforms) = postSolution
		{004A01FE-CBE6-48CE-9454-BB8AF8FB7472}.Debug|x64.ActiveCfg = Debug|x64
		{004A01FE-CBE6-48CE-9454-BB8AF8FB7472}.Debug|x64.Build.0 = Debug|x64
		{004A01FE-CBE6-48CE-9454-BB8AF8FB7472}.Debug|x86.ActiveCfg = Debug|Win32
		{004A01FE-CBE6-48CE-9454-BB8AF8FB7472}.Debug|x86.Build.0 = Debug|Win32
		{004A01FE-CBE6-48CE-9454-BB8AF8FB7472}.Release|x64.ActiveCfg = Release|x64
		{004A01FE-CBE6-48CE-9454-BB8AF8FB7472}.Release|x64.Build.0 = Release|x64
		{004A01FE-CBE6-48CE-9454-BB8AF8FB7472}.Release|x86.ActiveCfg = Release|Win32
		{004A01FE-CBE6-48CE-9454-BB8AF8FB7472}.Release|x86.Build.0 = Release|Win32
	EndGlobalSection
	GlobalSection(SolutionProperties) = preSolution
		HideSolutionNode = FALSE
	EndGlobalSection
	GlobalSection(ExtensibilityGlobals) = postSolution
		SolutionGuid = {D003D377-D835-4331-A4AD-579AB62B140C}
	EndGlobalSection
EndGlobal
